
Microsoft Visual Studio Solution File, Format Version 12.00
# Visual Studio Version 16
VisualStudioVersion = 16.0.30204.135
MinimumVisualStudioVersion = 10.0.40219.1
Project("{9A19103F-16F7-4668-BE54-9A1E7A4F7556}") = "redisDemo1", "redisDemo1.csproj", "{560E3119-A7B3-44C2-AEF3-4CEF6A5A94D3}"
EndProject
Project("{FAE04EC0-301F-11D3-BF4B-00C04F79EFBC}") = "RedisExchangeAPI.Web", "..\RedisExchangeAPI.Web\RedisExchangeAPI.Web.csproj", "{4F2B793E-0C7F-476C-9A86-157177A2263D}"
EndProject
Global
	GlobalSection(SolutionConfigurationPlatforms) = preSolution
		Debug|Any CPU = Debug|Any CPU
		Release|Any CPU = Release|Any CPU
	EndGlobalSection
	GlobalSection(ProjectConfigurationPlatforms) = postSolution
		{560E3119-A7B3-44C2-AEF3-4CEF6A5A94D3}.Debug|Any CPU.ActiveCfg = Debug|Any CPU
		{560E3119-A7B3-44C2-AEF3-4CEF6A5A94D3}.Debug|Any CPU.Build.0 = Debug|Any CPU
		{560E3119-A7B3-44C2-AEF3-4CEF6A5A94D3}.Release|Any CPU.ActiveCfg = Release|Any CPU
		{560E3119-A7B3-44C2-AEF3-4CEF6A5A94D3}.Release|Any CPU.Build.0 = Release|Any CPU
		{4F2B793E-0C7F-476C-9A86-157177A2263D}.Debug|Any CPU.ActiveCfg = Debug|Any CPU
		{4F2B793E-0C7F-476C-9A86-157177A2263D}.Debug|Any CPU.Build.0 = Debug|Any CPU
		{4F2B793E-0C7F-476C-9A86-157177A2263D}.Release|Any CPU.ActiveCfg = Release|Any CPU
		{4F2B793E-0C7F-476C-9A86-157177A2263D}.Release|Any CPU.Build.0 = Release|Any CPU
	EndGlobalSection
	GlobalSection(SolutionProperties) = preSolution
		HideSolutionNode = FALSE
	EndGlobalSection
	GlobalSection(ExtensibilityGlobals) = postSolution
		SolutionGuid = {965B5D4A-65BD-4941-B265-86642F8B4151}
	EndGlobalSection
EndGlobal
